
Microsoft Visual Studio Solution File, Format Version 12.00
# Visual Studio Version 17
VisualStudioVersion = 17.8.34309.116
MinimumVisualStudioVersion = 10.0.40219.1
Project("{FAE04EC0-301F-11D3-BF4B-00C04F79EFBC}") = "Catalog", "Catalog.csproj", "{E754C45C-F406-4F0B-AD51-BAC7BE297E5C}"
EndProject
Project("{FAE04EC0-301F-11D3-BF4B-00C04F79EFBC}") = "catalog.infrastructure", "..\catalog.infrastructure\catalog.infrastructure.csproj", "{FC89F061-4D84-4133-8871-817CD5396D47}"
EndProject
Global
	GlobalSection(SolutionConfigurationPlatforms) = preSolution
		Debug|Any CPU = Debug|Any CPU
		Release|Any CPU = Release|Any CPU
	EndGlobalSection
	GlobalSection(ProjectConfigurationPlatforms) = postSolution
		{E754C45C-F406-4F0B-AD51-BAC7BE297E5C}.Debug|Any CPU.ActiveCfg = Debug|Any CPU
		{E754C45C-F406-4F0B-AD51-BAC7BE297E5C}.Debug|Any CPU.Build.0 = Debug|Any CPU
		{E754C45C-F406-4F0B-AD51-BAC7BE297E5C}.Release|Any CPU.ActiveCfg = Release|Any CPU
		{E754C45C-F406-4F0B-AD51-BAC7BE297E5C}.Release|Any CPU.Build.0 = Release|Any CPU
		{FC89F061-4D84-4133-8871-817CD5396D47}.Debug|Any CPU.ActiveCfg = Debug|Any CPU
		{FC89F061-4D84-4133-8871-817CD5396D47}.Debug|Any CPU.Build.0 = Debug|Any CPU
		{FC89F061-4D84-4133-8871-817CD5396D47}.Release|Any CPU.ActiveCfg = Release|Any CPU
		{FC89F061-4D84-4133-8871-817CD5396D47}.Release|Any CPU.Build.0 = Release|Any CPU
	EndGlobalSection
	GlobalSection(SolutionProperties) = preSolution
		HideSolutionNode = FALSE
	EndGlobalSection
	GlobalSection(ExtensibilityGlobals) = postSolution
		SolutionGuid = {253D73D2-82AB-4036-B24F-FA0CC376D24E}
	EndGlobalSection
EndGlobal
